
Microsoft Visual Studio Solution File, Format Version 12.00
# Visual Studio Version 17
VisualStudioVersion = 17.8.34525.116
MinimumVisualStudioVersion = 10.0.40219.1
Project("{9A19103F-16F7-4668-BE54-9A1E7A4F7556}") = "RAD_BackEnd.DataAccess", "RAD_BackEnd.DataAccess\RAD_BackEnd.DataAccess.csproj", "{CC5323C8-AF8E-42B4-B4D7-348DE5938E17}"
EndProject
Project("{9A19103F-16F7-4668-BE54-9A1E7A4F7556}") = "RAD_BackEnd.Domain", "RAD_BackEnd.Domain\RAD_BackEnd.Domain.csproj", "{5F71C508-14F0-43F9-B092-073F86170AE4}"
EndProject
Project("{9A19103F-16F7-4668-BE54-9A1E7A4F7556}") = "RAD_BackEnd.DTOs", "RAD_BackEnd.DTOs\RAD_BackEnd.DTOs.csproj", "{E28A4D0A-10D5-48D3-843C-05B93E4BDFA5}"
EndProject
Project("{9A19103F-16F7-4668-BE54-9A1E7A4F7556}") = "RAD_BackEnd.Services", "RAD_BackEnd.Services\RAD_BackEnd.Services.csproj", "{84092D7E-9CF3-469F-B94B-59AB547DC336}"
EndProject
Project("{FAE04EC0-301F-11D3-BF4B-00C04F79EFBC}") = "RAD_BackEnd.WebApi", "RAD_BackEnd.WebApi\RAD_BackEnd.WebApi.csproj", "{BA1C06BC-62DB-4DAC-887F-1131EB066732}"
EndProject
Global
	GlobalSection(SolutionConfigurationPlatforms) = preSolution
		Debug|Any CPU = Debug|Any CPU
		Release|Any CPU = Release|Any CPU
	EndGlobalSection
	GlobalSection(ProjectConfigurationPlatforms) = postSolution
		{CC5323C8-AF8E-42B4-B4D7-348DE5938E17}.Debug|Any CPU.ActiveCfg = Debug|Any CPU
		{CC5323C8-AF8E-42B4-B4D7-348DE5938E17}.Debug|Any CPU.Build.0 = Debug|Any CPU
		{CC5323C8-AF8E-42B4-B4D7-348DE5938E17}.Release|Any CPU.ActiveCfg = Release|Any CPU
		{CC5323C8-AF8E-42B4-B4D7-348DE5938E17}.Release|Any CPU.Build.0 = Release|Any CPU
		{5F71C508-14F0-43F9-B092-073F86170AE4}.Debug|Any CPU.ActiveCfg = Debug|Any CPU
		{5F71C508-14F0-43F9-B092-073F86170AE4}.Debug|Any CPU.Build.0 = Debug|Any CPU
		{5F71C508-14F0-43F9-B092-073F86170AE4}.Release|Any CPU.ActiveCfg = Release|Any CPU
		{5F71C508-14F0-43F9-B092-073F86170AE4}.Release|Any CPU.Build.0 = Release|Any CPU
		{E28A4D0A-10D5-48D3-843C-05B93E4BDFA5}.Debug|Any CPU.ActiveCfg = Debug|Any CPU
		{E28A4D0A-10D5-48D3-843C-05B93E4BDFA5}.Debug|Any CPU.Build.0 = Debug|Any CPU
		{E28A4D0A-10D5-48D3-843C-05B93E4BDFA5}.Release|Any CPU.ActiveCfg = Release|Any CPU
		{E28A4D0A-10D5-48D3-843C-05B93E4BDFA5}.Release|Any CPU.Build.0 = Release|Any CPU
		{84092D7E-9CF3-469F-B94B-59AB547DC336}.Debug|Any CPU.ActiveCfg = Debug|Any CPU
		{84092D7E-9CF3-469F-B94B-59AB547DC336}.Debug|Any CPU.Build.0 = Debug|Any CPU
		{84092D7E-9CF3-469F-B94B-59AB547DC336}.Release|Any CPU.ActiveCfg = Release|Any CPU
		{84092D7E-9CF3-469F-B94B-59AB547DC336}.Release|Any CPU.Build.0 = Release|Any CPU
		{BA1C06BC-62DB-4DAC-887F-1131EB066732}.Debug|Any CPU.ActiveCfg = Debug|Any CPU
		{BA1C06BC-62DB-4DAC-887F-1131EB066732}.Debug|Any CPU.Build.0 = Debug|Any CPU
		{BA1C06BC-62DB-4DAC-887F-1131EB066732}.Release|Any CPU.ActiveCfg = Release|Any CPU
		{BA1C06BC-62DB-4DAC-887F-1131EB066732}.Release|Any CPU.Build.0 = Release|Any CPU
	EndGlobalSection
	GlobalSection(SolutionProperties) = preSolution
		HideSolutionNode = FALSE
	EndGlobalSection
	GlobalSection(ExtensibilityGlobals) = postSolution
		SolutionGuid = {0BB243AC-DBFD-4CDE-8E04-A7135664BBB7}
	EndGlobalSection
EndGlobal
